// !$*UTF8*$!
{
	archiveVersion = 1;
	classes = {
	};
	objectVersion = 56;
	objects = {

/* Begin PBXBuildFile section */
		A4F038312D0BD54C0015E41C /* EntainTaskApp.swift in Sources */ = {isa = PBXBuildFile; fileRef = A4F038302D0BD54C0015E41C /* EntainTaskApp.swift */; };
		A4F038332D0BD54C0015E41C /* NextRaceView.swift in Sources */ = {isa = PBXBuildFile; fileRef = A4F038322D0BD54C0015E41C /* NextRaceView.swift */; };
		A4F038352D0BD54D0015E41C /* Assets.xcassets in Resources */ = {isa = PBXBuildFile; fileRef = A4F038342D0BD54D0015E41C /* Assets.xcassets */; };
		A4F038382D0BD54D0015E41C /* Preview Assets.xcassets in Resources */ = {isa = PBXBuildFile; fileRef = A4F038372D0BD54D0015E41C /* Preview Assets.xcassets */; };
		A4F038422D0BD54D0015E41C /* EntainTaskTests.swift in Sources */ = {isa = PBXBuildFile; fileRef = A4F038412D0BD54D0015E41C /* EntainTaskTests.swift */; };
		A4F0384C2D0BD54D0015E41C /* EntainTaskUITests.swift in Sources */ = {isa = PBXBuildFile; fileRef = A4F0384B2D0BD54D0015E41C /* EntainTaskUITests.swift */; };
		A4F0384E2D0BD54D0015E41C /* EntainTaskUITestsLaunchTests.swift in Sources */ = {isa = PBXBuildFile; fileRef = A4F0384D2D0BD54D0015E41C /* EntainTaskUITestsLaunchTests.swift */; };
		A4F0385B2D0BDB080015E41C /* NextRaceViewModel.swift in Sources */ = {isa = PBXBuildFile; fileRef = A4F0385A2D0BDB080015E41C /* NextRaceViewModel.swift */; };
		A4F0385D2D0BDB210015E41C /* Constants.swift in Sources */ = {isa = PBXBuildFile; fileRef = A4F0385C2D0BDB210015E41C /* Constants.swift */; };
		A4F038602D0BDB970015E41C /* NextRaceModel.swift in Sources */ = {isa = PBXBuildFile; fileRef = A4F0385F2D0BDB970015E41C /* NextRaceModel.swift */; };
		A4F038642D0BE9EE0015E41C /* CountDownView.swift in Sources */ = {isa = PBXBuildFile; fileRef = A4F038632D0BE9EE0015E41C /* CountDownView.swift */; };
		A4F038662D0BEC740015E41C /* mock.json in Resources */ = {isa = PBXBuildFile; fileRef = A4F038652D0BEC740015E41C /* mock.json */; };
		A4F038682D0C145E0015E41C /* ChipFilterView.swift in Sources */ = {isa = PBXBuildFile; fileRef = A4F038672D0C145E0015E41C /* ChipFilterView.swift */; };
		A4F0386B2D0C2B6D0015E41C /* DataFetcher.swift in Sources */ = {isa = PBXBuildFile; fileRef = A4F0386A2D0C2B6D0015E41C /* DataFetcher.swift */; };
/* End PBXBuildFile section */

/* Begin PBXContainerItemProxy section */
		A4F0383E2D0BD54D0015E41C /* PBXContainerItemProxy */ = {
			isa = PBXContainerItemProxy;
			containerPortal = A4F038252D0BD54C0015E41C /* Project object */;
			proxyType = 1;
			remoteGlobalIDString = A4F0382C2D0BD54C0015E41C;
			remoteInfo = EntainTask;
		};
		A4F038482D0BD54D0015E41C /* PBXContainerItemProxy */ = {
			isa = PBXContainerItemProxy;
			containerPortal = A4F038252D0BD54C0015E41C /* Project object */;
			proxyType = 1;
			remoteGlobalIDString = A4F0382C2D0BD54C0015E41C;
			remoteInfo = EntainTask;
		};
/* End PBXContainerItemProxy section */

/* Begin PBXFileReference section */
		A4F0382D2D0BD54C0015E41C /* EntainTask.app */ = {isa = PBXFileReference; explicitFileType = wrapper.application; includeInIndex = 0; path = EntainTask.app; sourceTree = BUILT_PRODUCTS_DIR; };
		A4F038302D0BD54C0015E41C /* EntainTaskApp.swift */ = {isa = PBXFileReference; lastKnownFileType = sourcecode.swift; path = EntainTaskApp.swift; sourceTree = "<group>"; };
		A4F038322D0BD54C0015E41C /* NextRaceView.swift */ = {isa = PBXFileReference; lastKnownFileType = sourcecode.swift; path = NextRaceView.swift; sourceTree = "<group>"; };
		A4F038342D0BD54D0015E41C /* Assets.xcassets */ = {isa = PBXFileReference; lastKnownFileType = folder.assetcatalog; path = Assets.xcassets; sourceTree = "<group>"; };
		A4F038372D0BD54D0015E41C /* Preview Assets.xcassets */ = {isa = PBXFileReference; lastKnownFileType = folder.assetcatalog; path = "Preview Assets.xcassets"; sourceTree = "<group>"; };
		A4F0383D2D0BD54D0015E41C /* EntainTaskTests.xctest */ = {isa = PBXFileReference; explicitFileType = wrapper.cfbundle; includeInIndex = 0; path = EntainTaskTests.xctest; sourceTree = BUILT_PRODUCTS_DIR; };
		A4F038412D0BD54D0015E41C /* EntainTaskTests.swift */ = {isa = PBXFileReference; lastKnownFileType = sourcecode.swift; path = EntainTaskTests.swift; sourceTree = "<group>"; };
		A4F038472D0BD54D0015E41C /* EntainTaskUITests.xctest */ = {isa = PBXFileReference; explicitFileType = wrapper.cfbundle; includeInIndex = 0; path = EntainTaskUITests.xctest; sourceTree = BUILT_PRODUCTS_DIR; };
		A4F0384B2D0BD54D0015E41C /* EntainTaskUITests.swift */ = {isa = PBXFileReference; lastKnownFileType = sourcecode.swift; path = EntainTaskUITests.swift; sourceTree = "<group>"; };
		A4F0384D2D0BD54D0015E41C /* EntainTaskUITestsLaunchTests.swift */ = {isa = PBXFileReference; lastKnownFileType = sourcecode.swift; path = EntainTaskUITestsLaunchTests.swift; sourceTree = "<group>"; };
		A4F0385A2D0BDB080015E41C /* NextRaceViewModel.swift */ = {isa = PBXFileReference; lastKnownFileType = sourcecode.swift; path = NextRaceViewModel.swift; sourceTree = "<group>"; };
		A4F0385C2D0BDB210015E41C /* Constants.swift */ = {isa = PBXFileReference; lastKnownFileType = sourcecode.swift; path = Constants.swift; sourceTree = "<group>"; };
		A4F0385F2D0BDB970015E41C /* NextRaceModel.swift */ = {isa = PBXFileReference; lastKnownFileType = sourcecode.swift; path = NextRaceModel.swift; sourceTree = "<group>"; };
		A4F038632D0BE9EE0015E41C /* CountDownView.swift */ = {isa = PBXFileReference; lastKnownFileType = sourcecode.swift; path = CountDownView.swift; sourceTree = "<group>"; };
		A4F038652D0BEC740015E41C /* mock.json */ = {isa = PBXFileReference; lastKnownFileType = text.json; path = mock.json; sourceTree = "<group>"; };
		A4F038672D0C145E0015E41C /* ChipFilterView.swift */ = {isa = PBXFileReference; lastKnownFileType = sourcecode.swift; path = ChipFilterView.swift; sourceTree = "<group>"; };
		A4F0386A2D0C2B6D0015E41C /* DataFetcher.swift */ = {isa = PBXFileReference; lastKnownFileType = sourcecode.swift; path = DataFetcher.swift; sourceTree = "<group>"; };
/* End PBXFileReference section */

/* Begin PBXFrameworksBuildPhase section */
		A4F0382A2D0BD54C0015E41C /* Frameworks */ = {
			isa = PBXFrameworksBuildPhase;
			buildActionMask = 2147483647;
			files = (
			);
			runOnlyForDeploymentPostprocessing = 0;
		};
		A4F0383A2D0BD54D0015E41C /* Frameworks */ = {
			isa = PBXFrameworksBuildPhase;
			buildActionMask = 2147483647;
			files = (
			);
			runOnlyForDeploymentPostprocessing = 0;
		};
		A4F038442D0BD54D0015E41C /* Frameworks */ = {
			isa = PBXFrameworksBuildPhase;
			buildActionMask = 2147483647;
			files = (
			);
			runOnlyForDeploymentPostprocessing = 0;
		};
/* End PBXFrameworksBuildPhase section */

/* Begin PBXGroup section */
		A4F038242D0BD54C0015E41C = {
			isa = PBXGroup;
			children = (
				A4F0382F2D0BD54C0015E41C /* EntainTask */,
				A4F038402D0BD54D0015E41C /* EntainTaskTests */,
				A4F0384A2D0BD54D0015E41C /* EntainTaskUITests */,
				A4F0382E2D0BD54C0015E41C /* Products */,
			);
			sourceTree = "<group>";
		};
		A4F0382E2D0BD54C0015E41C /* Products */ = {
			isa = PBXGroup;
			children = (
				A4F0382D2D0BD54C0015E41C /* EntainTask.app */,
				A4F0383D2D0BD54D0015E41C /* EntainTaskTests.xctest */,
				A4F038472D0BD54D0015E41C /* EntainTaskUITests.xctest */,
			);
			name = Products;
			sourceTree = "<group>";
		};
		A4F0382F2D0BD54C0015E41C /* EntainTask */ = {
			isa = PBXGroup;
			children = (
				A4F038692D0C2B5F0015E41C /* Protocols */,
				A4F038622D0BDBEA0015E41C /* View */,
				A4F038612D0BDBE10015E41C /* ViewModel */,
				A4F0385E2D0BDB8B0015E41C /* Model */,
				A4F038302D0BD54C0015E41C /* EntainTaskApp.swift */,
				A4F038342D0BD54D0015E41C /* Assets.xcassets */,
				A4F038362D0BD54D0015E41C /* Preview Content */,
				A4F0385C2D0BDB210015E41C /* Constants.swift */,
				A4F038652D0BEC740015E41C /* mock.json */,
			);
			path = EntainTask;
			sourceTree = "<group>";
		};
		A4F038362D0BD54D0015E41C /* Preview Content */ = {
			isa = PBXGroup;
			children = (
				A4F038372D0BD54D0015E41C /* Preview Assets.xcassets */,
			);
			path = "Preview Content";
			sourceTree = "<group>";
		};
		A4F038402D0BD54D0015E41C /* EntainTaskTests */ = {
			isa = PBXGroup;
			children = (
				A4F038412D0BD54D0015E41C /* EntainTaskTests.swift */,
			);
			path = EntainTaskTests;
			sourceTree = "<group>";
		};
		A4F0384A2D0BD54D0015E41C /* EntainTaskUITests */ = {
			isa = PBXGroup;
			children = (
				A4F0384B2D0BD54D0015E41C /* EntainTaskUITests.swift */,
				A4F0384D2D0BD54D0015E41C /* EntainTaskUITestsLaunchTests.swift */,
			);
			path = EntainTaskUITests;
			sourceTree = "<group>";
		};
		A4F0385E2D0BDB8B0015E41C /* Model */ = {
			isa = PBXGroup;
			children = (
				A4F0385F2D0BDB970015E41C /* NextRaceModel.swift */,
			);
			path = Model;
			sourceTree = "<group>";
		};
		A4F038612D0BDBE10015E41C /* ViewModel */ = {
			isa = PBXGroup;
			children = (
				A4F0385A2D0BDB080015E41C /* NextRaceViewModel.swift */,
			);
			path = ViewModel;
			sourceTree = "<group>";
		};
		A4F038622D0BDBEA0015E41C /* View */ = {
			isa = PBXGroup;
			children = (
				A4F038322D0BD54C0015E41C /* NextRaceView.swift */,
				A4F038632D0BE9EE0015E41C /* CountDownView.swift */,
				A4F038672D0C145E0015E41C /* ChipFilterView.swift */,
			);
			path = View;
			sourceTree = "<group>";
		};
		A4F038692D0C2B5F0015E41C /* Protocols */ = {
			isa = PBXGroup;
			children = (
				A4F0386A2D0C2B6D0015E41C /* DataFetcher.swift */,
			);
			path = Protocols;
			sourceTree = "<group>";
		};
/* End PBXGroup section */

/* Begin PBXNativeTarget section */
		A4F0382C2D0BD54C0015E41C /* EntainTask */ = {
			isa = PBXNativeTarget;
			buildConfigurationList = A4F038512D0BD54D0015E41C /* Build configuration list for PBXNativeTarget "EntainTask" */;
			buildPhases = (
				A4F038292D0BD54C0015E41C /* Sources */,
				A4F0382A2D0BD54C0015E41C /* Frameworks */,
				A4F0382B2D0BD54C0015E41C /* Resources */,
			);
			buildRules = (
			);
			dependencies = (
			);
			name = EntainTask;
			productName = EntainTask;
			productReference = A4F0382D2D0BD54C0015E41C /* EntainTask.app */;
			productType = "com.apple.product-type.application";
		};
		A4F0383C2D0BD54D0015E41C /* EntainTaskTests */ = {
			isa = PBXNativeTarget;
			buildConfigurationList = A4F038542D0BD54D0015E41C /* Build configuration list for PBXNativeTarget "EntainTaskTests" */;
			buildPhases = (
				A4F038392D0BD54D0015E41C /* Sources */,
				A4F0383A2D0BD54D0015E41C /* Frameworks */,
				A4F0383B2D0BD54D0015E41C /* Resources */,
			);
			buildRules = (
			);
			dependencies = (
				A4F0383F2D0BD54D0015E41C /* PBXTargetDependency */,
			);
			name = EntainTaskTests;
			productName = EntainTaskTests;
			productReference = A4F0383D2D0BD54D0015E41C /* EntainTaskTests.xctest */;
			productType = "com.apple.product-type.bundle.unit-test";
		};
		A4F038462D0BD54D0015E41C /* EntainTaskUITests */ = {
			isa = PBXNativeTarget;
			buildConfigurationList = A4F038572D0BD54D0015E41C /* Build configuration list for PBXNativeTarget "EntainTaskUITests" */;
			buildPhases = (
				A4F038432D0BD54D0015E41C /* Sources */,
				A4F038442D0BD54D0015E41C /* Frameworks */,
				A4F038452D0BD54D0015E41C /* Resources */,
			);
			buildRules = (
			);
			dependencies = (
				A4F038492D0BD54D0015E41C /* PBXTargetDependency */,
			);
			name = EntainTaskUITests;
			productName = EntainTaskUITests;
			productReference = A4F038472D0BD54D0015E41C /* EntainTaskUITests.xctest */;
			productType = "com.apple.product-type.bundle.ui-testing";
		};
/* End PBXNativeTarget section */

/* Begin PBXProject section */
		A4F038252D0BD54C0015E41C /* Project object */ = {
			isa = PBXProject;
			attributes = {
				BuildIndependentTargetsInParallel = 1;
				LastSwiftUpdateCheck = 1540;
				LastUpgradeCheck = 1540;
				TargetAttributes = {
					A4F0382C2D0BD54C0015E41C = {
						CreatedOnToolsVersion = 15.4;
					};
					A4F0383C2D0BD54D0015E41C = {
						CreatedOnToolsVersion = 15.4;
						TestTargetID = A4F0382C2D0BD54C0015E41C;
					};
					A4F038462D0BD54D0015E41C = {
						CreatedOnToolsVersion = 15.4;
						TestTargetID = A4F0382C2D0BD54C0015E41C;
					};
				};
			};
			buildConfigurationList = A4F038282D0BD54C0015E41C /* Build configuration list for PBXProject "EntainTask" */;
			compatibilityVersion = "Xcode 14.0";
			developmentRegion = en;
			hasScannedForEncodings = 0;
			knownRegions = (
				en,
				Base,
			);
			mainGroup = A4F038242D0BD54C0015E41C;
			packageReferences = (
				A4F0386C2D0C470C0015E41C /* XCRemoteSwiftPackageReference "SwiftLintPlugins" */,
			);
			productRefGroup = A4F0382E2D0BD54C0015E41C /* Products */;
			projectDirPath = "";
			projectRoot = "";
			targets = (
				A4F0382C2D0BD54C0015E41C /* EntainTask */,
				A4F0383C2D0BD54D0015E41C /* EntainTaskTests */,
				A4F038462D0BD54D0015E41C /* EntainTaskUITests */,
			);
		};
/* End PBXProject section */

/* Begin PBXResourcesBuildPhase section */
		A4F0382B2D0BD54C0015E41C /* Resources */ = {
			isa = PBXResourcesBuildPhase;
			buildActionMask = 2147483647;
			files = (
				A4F038382D0BD54D0015E41C /* Preview Assets.xcassets in Resources */,
				A4F038352D0BD54D0015E41C /* Assets.xcassets in Resources */,
				A4F038662D0BEC740015E41C /* mock.json in Resources */,
			);
			runOnlyForDeploymentPostprocessing = 0;
		};
		A4F0383B2D0BD54D0015E41C /* Resources */ = {
			isa = PBXResourcesBuildPhase;
			buildActionMask = 2147483647;
			files = (
			);
			runOnlyForDeploymentPostprocessing = 0;
		};
		A4F038452D0BD54D0015E41C /* Resources */ = {
			isa = PBXResourcesBuildPhase;
			buildActionMask = 2147483647;
			files = (
			);
			runOnlyForDeploymentPostprocessing = 0;
		};
/* End PBXResourcesBuildPhase section */

/* Begin PBXSourcesBuildPhase section */
		A4F038292D0BD54C0015E41C /* Sources */ = {
			isa = PBXSourcesBuildPhase;
			buildActionMask = 2147483647;
			files = (
				A4F038682D0C145E0015E41C /* ChipFilterView.swift in Sources */,
				A4F038602D0BDB970015E41C /* NextRaceModel.swift in Sources */,
				A4F0385B2D0BDB080015E41C /* NextRaceViewModel.swift in Sources */,
				A4F038642D0BE9EE0015E41C /* CountDownView.swift in Sources */,
				A4F038332D0BD54C0015E41C /* NextRaceView.swift in Sources */,
				A4F038312D0BD54C0015E41C /* EntainTaskApp.swift in Sources */,
				A4F0385D2D0BDB210015E41C /* Constants.swift in Sources */,
				A4F0386B2D0C2B6D0015E41C /* DataFetcher.swift in Sources */,
			);
			runOnlyForDeploymentPostprocessing = 0;
		};
		A4F038392D0BD54D0015E41C /* Sources */ = {
			isa = PBXSourcesBuildPhase;
			buildActionMask = 2147483647;
			files = (
				A4F038422D0BD54D0015E41C /* EntainTaskTests.swift in Sources */,
			);
			runOnlyForDeploymentPostprocessing = 0;
		};
		A4F038432D0BD54D0015E41C /* Sources */ = {
			isa = PBXSourcesBuildPhase;
			buildActionMask = 2147483647;
			files = (
				A4F0384E2D0BD54D0015E41C /* EntainTaskUITestsLaunchTests.swift in Sources */,
				A4F0384C2D0BD54D0015E41C /* EntainTaskUITests.swift in Sources */,
			);
			runOnlyForDeploymentPostprocessing = 0;
		};
/* End PBXSourcesBuildPhase section */

/* Begin PBXTargetDependency section */
		A4F0383F2D0BD54D0015E41C /* PBXTargetDependency */ = {
			isa = PBXTargetDependency;
			target = A4F0382C2D0BD54C0015E41C /* EntainTask */;
			targetProxy = A4F0383E2D0BD54D0015E41C /* PBXContainerItemProxy */;
		};
		A4F038492D0BD54D0015E41C /* PBXTargetDependency */ = {
			isa = PBXTargetDependency;
			target = A4F0382C2D0BD54C0015E41C /* EntainTask */;
			targetProxy = A4F038482D0BD54D0015E41C /* PBXContainerItemProxy */;
		};
/* End PBXTargetDependency section */

/* Begin XCBuildConfiguration section */
		A4F0384F2D0BD54D0015E41C /* Debug */ = {
			isa = XCBuildConfiguration;
			buildSettings = {
				ALWAYS_SEARCH_USER_PATHS = NO;
				ASSETCATALOG_COMPILER_GENERATE_SWIFT_ASSET_SYMBOL_EXTENSIONS = YES;
				CLANG_ANALYZER_NONNULL = YES;
				CLANG_ANALYZER_NUMBER_OBJECT_CONVERSION = YES_AGGRESSIVE;
				CLANG_CXX_LANGUAGE_STANDARD = "gnu++20";
				CLANG_ENABLE_MODULES = YES;
				CLANG_ENABLE_OBJC_ARC = YES;
				CLANG_ENABLE_OBJC_WEAK = YES;
				CLANG_WARN_BLOCK_CAPTURE_AUTORELEASING = YES;
				CLANG_WARN_BOOL_CONVERSION = YES;
				CLANG_WARN_COMMA = YES;
				CLANG_WARN_CONSTANT_CONVERSION = YES;
				CLANG_WARN_DEPRECATED_OBJC_IMPLEMENTATIONS = YES;
				CLANG_WARN_DIRECT_OBJC_ISA_USAGE = YES_ERROR;
				CLANG_WARN_DOCUMENTATION_COMMENTS = YES;
				CLANG_WARN_EMPTY_BODY = YES;
				CLANG_WARN_ENUM_CONVERSION = YES;
				CLANG_WARN_INFINITE_RECURSION = YES;
				CLANG_WARN_INT_CONVERSION = YES;
				CLANG_WARN_NON_LITERAL_NULL_CONVERSION = YES;
				CLANG_WARN_OBJC_IMPLICIT_RETAIN_SELF = YES;
				CLANG_WARN_OBJC_LITERAL_CONVERSION = YES;
				CLANG_WARN_OBJC_ROOT_CLASS = YES_ERROR;
				CLANG_WARN_QUOTED_INCLUDE_IN_FRAMEWORK_HEADER = YES;
				CLANG_WARN_RANGE_LOOP_ANALYSIS = YES;
				CLANG_WARN_STRICT_PROTOTYPES = YES;
				CLANG_WARN_SUSPICIOUS_MOVE = YES;
				CLANG_WARN_UNGUARDED_AVAILABILITY = YES_AGGRESSIVE;
				CLANG_WARN_UNREACHABLE_CODE = YES;
				CLANG_WARN__DUPLICATE_METHOD_MATCH = YES;
				COPY_PHASE_STRIP = NO;
				DEBUG_INFORMATION_FORMAT = dwarf;
				ENABLE_STRICT_OBJC_MSGSEND = YES;
				ENABLE_TESTABILITY = YES;
				ENABLE_USER_SCRIPT_SANDBOXING = YES;
				GCC_C_LANGUAGE_STANDARD = gnu17;
				GCC_DYNAMIC_NO_PIC = NO;
				GCC_NO_COMMON_BLOCKS = YES;
				GCC_OPTIMIZATION_LEVEL = 0;
				GCC_PREPROCESSOR_DEFINITIONS = (
					"DEBUG=1",
					"$(inherited)",
				);
				GCC_WARN_64_TO_32_BIT_CONVERSION = YES;
				GCC_WARN_ABOUT_RETURN_TYPE = YES_ERROR;
				GCC_WARN_UNDECLARED_SELECTOR = YES;
				GCC_WARN_UNINITIALIZED_AUTOS = YES_AGGRESSIVE;
				GCC_WARN_UNUSED_FUNCTION = YES;
				GCC_WARN_UNUSED_VARIABLE = YES;
				IPHONEOS_DEPLOYMENT_TARGET = 17.5;
				LOCALIZATION_PREFERS_STRING_CATALOGS = YES;
				MTL_ENABLE_DEBUG_INFO = INCLUDE_SOURCE;
				MTL_FAST_MATH = YES;
				ONLY_ACTIVE_ARCH = YES;
				SDKROOT = iphoneos;
				SWIFT_ACTIVE_COMPILATION_CONDITIONS = "DEBUG $(inherited)";
				SWIFT_OPTIMIZATION_LEVEL = "-Onone";
			};
			name = Debug;
		};
		A4F038502D0BD54D0015E41C /* Release */ = {
			isa = XCBuildConfiguration;
			buildSettings = {
				ALWAYS_SEARCH_USER_PATHS = NO;
				ASSETCATALOG_COMPILER_GENERATE_SWIFT_ASSET_SYMBOL_EXTENSIONS = YES;
				CLANG_ANALYZER_NONNULL = YES;
				CLANG_ANALYZER_NUMBER_OBJECT_CONVERSION = YES_AGGRESSIVE;
				CLANG_CXX_LANGUAGE_STANDARD = "gnu++20";
				CLANG_ENABLE_MODULES = YES;
				CLANG_ENABLE_OBJC_ARC = YES;
				CLANG_ENABLE_OBJC_WEAK = YES;
				CLANG_WARN_BLOCK_CAPTURE_AUTORELEASING = YES;
				CLANG_WARN_BOOL_CONVERSION = YES;
				CLANG_WARN_COMMA = YES;
				CLANG_WARN_CONSTANT_CONVERSION = YES;
				CLANG_WARN_DEPRECATED_OBJC_IMPLEMENTATIONS = YES;
				CLANG_WARN_DIRECT_OBJC_ISA_USAGE = YES_ERROR;
				CLANG_WARN_DOCUMENTATION_COMMENTS = YES;
				CLANG_WARN_EMPTY_BODY = YES;
				CLANG_WARN_ENUM_CONVERSION = YES;
				CLANG_WARN_INFINITE_RECURSION = YES;
				CLANG_WARN_INT_CONVERSION = YES;
				CLANG_WARN_NON_LITERAL_NULL_CONVERSION = YES;
				CLANG_WARN_OBJC_IMPLICIT_RETAIN_SELF = YES;
				CLANG_WARN_OBJC_LITERAL_CONVERSION = YES;
				CLANG_WARN_OBJC_ROOT_CLASS = YES_ERROR;
				CLANG_WARN_QUOTED_INCLUDE_IN_FRAMEWORK_HEADER = YES;
				CLANG_WARN_RANGE_LOOP_ANALYSIS = YES;
				CLANG_WARN_STRICT_PROTOTYPES = YES;
				CLANG_WARN_SUSPICIOUS_MOVE = YES;
				CLANG_WARN_UNGUARDED_AVAILABILITY = YES_AGGRESSIVE;
				CLANG_WARN_UNREACHABLE_CODE = YES;
				CLANG_WARN__DUPLICATE_METHOD_MATCH = YES;
				COPY_PHASE_STRIP = NO;
				DEBUG_INFORMATION_FORMAT = "dwarf-with-dsym";
				ENABLE_NS_ASSERTIONS = NO;
				ENABLE_STRICT_OBJC_MSGSEND = YES;
				ENABLE_USER_SCRIPT_SANDBOXING = YES;
				GCC_C_LANGUAGE_STANDARD = gnu17;
				GCC_NO_COMMON_BLOCKS = YES;
				GCC_WARN_64_TO_32_BIT_CONVERSION = YES;
				GCC_WARN_ABOUT_RETURN_TYPE = YES_ERROR;
				GCC_WARN_UNDECLARED_SELECTOR = YES;
				GCC_WARN_UNINITIALIZED_AUTOS = YES_AGGRESSIVE;
				GCC_WARN_UNUSED_FUNCTION = YES;
				GCC_WARN_UNUSED_VARIABLE = YES;
				IPHONEOS_DEPLOYMENT_TARGET = 17.5;
				LOCALIZATION_PREFERS_STRING_CATALOGS = YES;
				MTL_ENABLE_DEBUG_INFO = NO;
				MTL_FAST_MATH = YES;
				SDKROOT = iphoneos;
				SWIFT_COMPILATION_MODE = wholemodule;
				VALIDATE_PRODUCT = YES;
			};
			name = Release;
		};
		A4F038522D0BD54D0015E41C /* Debug */ = {
			isa = XCBuildConfiguration;
			buildSettings = {
				ASSETCATALOG_COMPILER_APPICON_NAME = AppIcon;
				ASSETCATALOG_COMPILER_GLOBAL_ACCENT_COLOR_NAME = AccentColor;
				CODE_SIGN_STYLE = Automatic;
				CURRENT_PROJECT_VERSION = 1;
				DEVELOPMENT_ASSET_PATHS = "\"EntainTask/Preview Content\"";
				DEVELOPMENT_TEAM = HSGS74RW8K;
				ENABLE_PREVIEWS = YES;
				GENERATE_INFOPLIST_FILE = YES;
				INFOPLIST_KEY_UIApplicationSceneManifest_Generation = YES;
				INFOPLIST_KEY_UIApplicationSupportsIndirectInputEvents = YES;
				INFOPLIST_KEY_UILaunchScreen_Generation = YES;
				INFOPLIST_KEY_UISupportedInterfaceOrientations_iPad = "UIInterfaceOrientationPortrait UIInterfaceOrientationPortraitUpsideDown UIInterfaceOrientationLandscapeLeft UIInterfaceOrientationLandscapeRight";
				INFOPLIST_KEY_UISupportedInterfaceOrientations_iPhone = "UIInterfaceOrientationPortrait UIInterfaceOrientationLandscapeLeft UIInterfaceOrientationLandscapeRight";
				LD_RUNPATH_SEARCH_PATHS = (
					"$(inherited)",
					"@executable_path/Frameworks",
				);
				MARKETING_VERSION = 1.0;
				PRODUCT_BUNDLE_IDENTIFIER = com.pd.entain.EntainTask;
				PRODUCT_NAME = "$(TARGET_NAME)";
				SWIFT_EMIT_LOC_STRINGS = YES;
				SWIFT_VERSION = 5.0;
				TARGETED_DEVICE_FAMILY = "1,2";
			};
			name = Debug;
		};
		A4F038532D0BD54D0015E41C /* Release */ = {
			isa = XCBuildConfiguration;
			buildSettings = {
				ASSETCATALOG_COMPILER_APPICON_NAME = AppIcon;
				ASSETCATALOG_COMPILER_GLOBAL_ACCENT_COLOR_NAME = AccentColor;
				CODE_SIGN_STYLE = Automatic;
				CURRENT_PROJECT_VERSION = 1;
				DEVELOPMENT_ASSET_PATHS = "\"EntainTask/Preview Content\"";
				DEVELOPMENT_TEAM = HSGS74RW8K;
				ENABLE_PREVIEWS = YES;
				GENERATE_INFOPLIST_FILE = YES;
				INFOPLIST_KEY_UIApplicationSceneManifest_Generation = YES;
				INFOPLIST_KEY_UIApplicationSupportsIndirectInputEvents = YES;
				INFOPLIST_KEY_UILaunchScreen_Generation = YES;
				INFOPLIST_KEY_UISupportedInterfaceOrientations_iPad = "UIInterfaceOrientationPortrait UIInterfaceOrientationPortraitUpsideDown UIInterfaceOrientationLandscapeLeft UIInterfaceOrientationLandscapeRight";
				INFOPLIST_KEY_UISupportedInterfaceOrientations_iPhone = "UIInterfaceOrientationPortrait UIInterfaceOrientationLandscapeLeft UIInterfaceOrientationLandscapeRight";
				LD_RUNPATH_SEARCH_PATHS = (
					"$(inherited)",
					"@executable_path/Frameworks",
				);
				MARKETING_VERSION = 1.0;
				PRODUCT_BUNDLE_IDENTIFIER = com.pd.entain.EntainTask;
				PRODUCT_NAME = "$(TARGET_NAME)";
				SWIFT_EMIT_LOC_STRINGS = YES;
				SWIFT_VERSION = 5.0;
				TARGETED_DEVICE_FAMILY = "1,2";
			};
			name = Release;
		};
		A4F038552D0BD54D0015E41C /* Debug */ = {
			isa = XCBuildConfiguration;
			buildSettings = {
				ALWAYS_EMBED_SWIFT_STANDARD_LIBRARIES = YES;
				BUNDLE_LOADER = "$(TEST_HOST)";
				CODE_SIGN_STYLE = Automatic;
				CURRENT_PROJECT_VERSION = 1;
				DEVELOPMENT_TEAM = HSGS74RW8K;
				GENERATE_INFOPLIST_FILE = YES;
				IPHONEOS_DEPLOYMENT_TARGET = 17.5;
				MARKETING_VERSION = 1.0;
				PRODUCT_BUNDLE_IDENTIFIER = com.pd.entain.EntainTaskTests;
				PRODUCT_NAME = "$(TARGET_NAME)";
				SWIFT_EMIT_LOC_STRINGS = NO;
				SWIFT_VERSION = 5.0;
				TARGETED_DEVICE_FAMILY = "1,2";
				TEST_HOST = "$(BUILT_PRODUCTS_DIR)/EntainTask.app/$(BUNDLE_EXECUTABLE_FOLDER_PATH)/EntainTask";
			};
			name = Debug;
		};
		A4F038562D0BD54D0015E41C /* Release */ = {
			isa = XCBuildConfiguration;
			buildSettings = {
				ALWAYS_EMBED_SWIFT_STANDARD_LIBRARIES = YES;
				BUNDLE_LOADER = "$(TEST_HOST)";
				CODE_SIGN_STYLE = Automatic;
				CURRENT_PROJECT_VERSION = 1;
				DEVELOPMENT_TEAM = HSGS74RW8K;
				GENERATE_INFOPLIST_FILE = YES;
				IPHONEOS_DEPLOYMENT_TARGET = 17.5;
				MARKETING_VERSION = 1.0;
				PRODUCT_BUNDLE_IDENTIFIER = com.pd.entain.EntainTaskTests;
				PRODUCT_NAME = "$(TARGET_NAME)";
				SWIFT_EMIT_LOC_STRINGS = NO;
				SWIFT_VERSION = 5.0;
				TARGETED_DEVICE_FAMILY = "1,2";
				TEST_HOST = "$(BUILT_PRODUCTS_DIR)/EntainTask.app/$(BUNDLE_EXECUTABLE_FOLDER_PATH)/EntainTask";
			};
			name = Release;
		};
		A4F038582D0BD54D0015E41C /* Debug */ = {
			isa = XCBuildConfiguration;
			buildSettings = {
				ALWAYS_EMBED_SWIFT_STANDARD_LIBRARIES = YES;
				CODE_SIGN_STYLE = Automatic;
				CURRENT_PROJECT_VERSION = 1;
				DEVELOPMENT_TEAM = HSGS74RW8K;
				GENERATE_INFOPLIST_FILE = YES;
				MARKETING_VERSION = 1.0;
				PRODUCT_BUNDLE_IDENTIFIER = com.pd.entain.EntainTaskUITests;
				PRODUCT_NAME = "$(TARGET_NAME)";
				SWIFT_EMIT_LOC_STRINGS = NO;
				SWIFT_VERSION = 5.0;
				TARGETED_DEVICE_FAMILY = "1,2";
				TEST_TARGET_NAME = EntainTask;
			};
			name = Debug;
		};
		A4F038592D0BD54D0015E41C /* Release */ = {
			isa = XCBuildConfiguration;
			buildSettings = {
				ALWAYS_EMBED_SWIFT_STANDARD_LIBRARIES = YES;
				CODE_SIGN_STYLE = Automatic;
				CURRENT_PROJECT_VERSION = 1;
				DEVELOPMENT_TEAM = HSGS74RW8K;
				GENERATE_INFOPLIST_FILE = YES;
				MARKETING_VERSION = 1.0;
				PRODUCT_BUNDLE_IDENTIFIER = com.pd.entain.EntainTaskUITests;
				PRODUCT_NAME = "$(TARGET_NAME)";
				SWIFT_EMIT_LOC_STRINGS = NO;
				SWIFT_VERSION = 5.0;
				TARGETED_DEVICE_FAMILY = "1,2";
				TEST_TARGET_NAME = EntainTask;
			};
			name = Release;
		};
/* End XCBuildConfiguration section */

/* Begin XCConfigurationList section */
		A4F038282D0BD54C0015E41C /* Build configuration list for PBXProject "EntainTask" */ = {
			isa = XCConfigurationList;
			buildConfigurations = (
				A4F0384F2D0BD54D0015E41C /* Debug */,
				A4F038502D0BD54D0015E41C /* Release */,
			);
			defaultConfigurationIsVisible = 0;
			defaultConfigurationName = Release;
		};
		A4F038512D0BD54D0015E41C /* Build configuration list for PBXNativeTarget "EntainTask" */ = {
			isa = XCConfigurationList;
			buildConfigurations = (
				A4F038522D0BD54D0015E41C /* Debug */,
				A4F038532D0BD54D0015E41C /* Release */,
			);
			defaultConfigurationIsVisible = 0;
			defaultConfigurationName = Release;
		};
		A4F038542D0BD54D0015E41C /* Build configuration list for PBXNativeTarget "EntainTaskTests" */ = {
			isa = XCConfigurationList;
			buildConfigurations = (
				A4F038552D0BD54D0015E41C /* Debug */,
				A4F038562D0BD54D0015E41C /* Release */,
			);
			defaultConfigurationIsVisible = 0;
			defaultConfigurationName = Release;
		};
		A4F038572D0BD54D0015E41C /* Build configuration list for PBXNativeTarget "EntainTaskUITests" */ = {
			isa = XCConfigurationList;
			buildConfigurations = (
				A4F038582D0BD54D0015E41C /* Debug */,
				A4F038592D0BD54D0015E41C /* Release */,
			);
			defaultConfigurationIsVisible = 0;
			defaultConfigurationName = Release;
		};
/* End XCConfigurationList section */

/* Begin XCRemoteSwiftPackageReference section */
		A4F0386C2D0C470C0015E41C /* XCRemoteSwiftPackageReference "SwiftLintPlugins" */ = {
			isa = XCRemoteSwiftPackageReference;
			repositoryURL = "https://github.com/SimplyDanny/SwiftLintPlugins";
			requirement = {
				kind = upToNextMajorVersion;
				minimumVersion = 0.57.1;
			};
		};
/* End XCRemoteSwiftPackageReference section */
	};
	rootObject = A4F038252D0BD54C0015E41C /* Project object */;
}
