// !$*UTF8*$!
{
	archiveVersion = 1;
	classes = {
	};
	objectVersion = 56;
	objects = {

/* Begin PBXBuildFile section */
		A4E9E27F2D0D320400D898E7 /* ColorConstants.swift in Sources */ = {isa = PBXBuildFile; fileRef = A4E9E27E2D0D320400D898E7 /* ColorConstants.swift */; };
		A4E9E2812D0D322A00D898E7 /* AssetConstants.swift in Sources */ = {isa = PBXBuildFile; fileRef = A4E9E2802D0D322A00D898E7 /* AssetConstants.swift */; };
		A4E9E2832D0D323900D898E7 /* StringConstants.swift in Sources */ = {isa = PBXBuildFile; fileRef = A4E9E2822D0D323900D898E7 /* StringConstants.swift */; };
		A4E9E2852D0D324B00D898E7 /* AccessibilityConstants.swift in Sources */ = {isa = PBXBuildFile; fileRef = A4E9E2842D0D324B00D898E7 /* AccessibilityConstants.swift */; };
		A4E9E2872D0D325D00D898E7 /* FontConstants.swift in Sources */ = {isa = PBXBuildFile; fileRef = A4E9E2862D0D325D00D898E7 /* FontConstants.swift */; };
		A4E9E2892D0D326E00D898E7 /* AppUtils.swift in Sources */ = {isa = PBXBuildFile; fileRef = A4E9E2882D0D326E00D898E7 /* AppUtils.swift */; };
		A4E9E28C2D0D8B5800D898E7 /* View+Extensions.swift in Sources */ = {isa = PBXBuildFile; fileRef = A4E9E28B2D0D8B5800D898E7 /* View+Extensions.swift */; };
		A4E9E28E2D0DB44400D898E7 /* Localizable.xcstrings in Resources */ = {isa = PBXBuildFile; fileRef = A4E9E28D2D0DB44400D898E7 /* Localizable.xcstrings */; };
		A4E9E2912D0DC0E900D898E7 /* NetworkManager.swift in Sources */ = {isa = PBXBuildFile; fileRef = A4E9E2902D0DC0E900D898E7 /* NetworkManager.swift */; };
		A4E9E2952D0DDA4000D898E7 /* NextRaceViewModelTests.swift in Sources */ = {isa = PBXBuildFile; fileRef = A4E9E2942D0DDA4000D898E7 /* NextRaceViewModelTests.swift */; };
		A4E9E2972D0DE1BE00D898E7 /* RaceListItemViewModel.swift in Sources */ = {isa = PBXBuildFile; fileRef = A4E9E2962D0DE1BE00D898E7 /* RaceListItemViewModel.swift */; };
		A4E9E2992D0DE1C600D898E7 /* RaceListItemView.swift in Sources */ = {isa = PBXBuildFile; fileRef = A4E9E2982D0DE1C600D898E7 /* RaceListItemView.swift */; };
		A4E9E29B2D0E5C7F00D898E7 /* AppUtilsTests.swift in Sources */ = {isa = PBXBuildFile; fileRef = A4E9E29A2D0E5C7F00D898E7 /* AppUtilsTests.swift */; };
		A4E9E29F2D0EE96A00D898E7 /* MockURLSessionProtocol.swift in Sources */ = {isa = PBXBuildFile; fileRef = A4E9E29D2D0EE96A00D898E7 /* MockURLSessionProtocol.swift */; };
		A4E9E2A12D0EEFAF00D898E7 /* MockNetworkManager.swift in Sources */ = {isa = PBXBuildFile; fileRef = A4E9E2A02D0EEFAF00D898E7 /* MockNetworkManager.swift */; };
		A4E9E2A32D0F014900D898E7 /* RaceListItemViewModelTests.swift in Sources */ = {isa = PBXBuildFile; fileRef = A4E9E2A22D0F014900D898E7 /* RaceListItemViewModelTests.swift */; };
		A4E9E2A72D0F0B9E00D898E7 /* RaceMockData.swift in Sources */ = {isa = PBXBuildFile; fileRef = A4E9E2A62D0F0B9E00D898E7 /* RaceMockData.swift */; };
		A4E9E2AC2D0F11C900D898E7 /* NetworkManagerTests.swift in Sources */ = {isa = PBXBuildFile; fileRef = A4E9E2AB2D0F11C900D898E7 /* NetworkManagerTests.swift */; };
		A4E9E2AE2D0F1C5D00D898E7 /* MockRaceModel.swift in Sources */ = {isa = PBXBuildFile; fileRef = A4E9E2AD2D0F1C5D00D898E7 /* MockRaceModel.swift */; };
		A4E9E2B02D0F220000D898E7 /* RaceUtils.swift in Sources */ = {isa = PBXBuildFile; fileRef = A4E9E2AF2D0F220000D898E7 /* RaceUtils.swift */; };
		A4E9E2B22D0F342C00D898E7 /* TestUtils.swift in Sources */ = {isa = PBXBuildFile; fileRef = A4E9E2B12D0F342C00D898E7 /* TestUtils.swift */; };
		A4E9E2B52D0F96EB00D898E7 /* TimerManager.swift in Sources */ = {isa = PBXBuildFile; fileRef = A4E9E2B42D0F96EB00D898E7 /* TimerManager.swift */; };
		A4E9E2B82D0FB16900D898E7 /* TimerManagerTests.swift in Sources */ = {isa = PBXBuildFile; fileRef = A4E9E2B72D0FB16900D898E7 /* TimerManagerTests.swift */; };
		A4E9E2BA2D0FDB3900D898E7 /* RaceListViewUITests.swift in Sources */ = {isa = PBXBuildFile; fileRef = A4E9E2B92D0FDB3900D898E7 /* RaceListViewUITests.swift */; };
		A4F038312D0BD54C0015E41C /* EntainTaskApp.swift in Sources */ = {isa = PBXBuildFile; fileRef = A4F038302D0BD54C0015E41C /* EntainTaskApp.swift */; };
		A4F038332D0BD54C0015E41C /* NextRaceView.swift in Sources */ = {isa = PBXBuildFile; fileRef = A4F038322D0BD54C0015E41C /* NextRaceView.swift */; };
		A4F038352D0BD54D0015E41C /* Assets.xcassets in Resources */ = {isa = PBXBuildFile; fileRef = A4F038342D0BD54D0015E41C /* Assets.xcassets */; };
		A4F038382D0BD54D0015E41C /* Preview Assets.xcassets in Resources */ = {isa = PBXBuildFile; fileRef = A4F038372D0BD54D0015E41C /* Preview Assets.xcassets */; };
		A4F0385B2D0BDB080015E41C /* NextRaceViewModel.swift in Sources */ = {isa = PBXBuildFile; fileRef = A4F0385A2D0BDB080015E41C /* NextRaceViewModel.swift */; };
		A4F0385D2D0BDB210015E41C /* APIConstants.swift in Sources */ = {isa = PBXBuildFile; fileRef = A4F0385C2D0BDB210015E41C /* APIConstants.swift */; };
		A4F038602D0BDB970015E41C /* NextRaceModel.swift in Sources */ = {isa = PBXBuildFile; fileRef = A4F0385F2D0BDB970015E41C /* NextRaceModel.swift */; };
		A4F038662D0BEC740015E41C /* mock.json in Resources */ = {isa = PBXBuildFile; fileRef = A4F038652D0BEC740015E41C /* mock.json */; };
		A4F038682D0C145E0015E41C /* ChipFilterView.swift in Sources */ = {isa = PBXBuildFile; fileRef = A4F038672D0C145E0015E41C /* ChipFilterView.swift */; };
/* End PBXBuildFile section */

/* Begin PBXContainerItemProxy section */
		A4F0383E2D0BD54D0015E41C /* PBXContainerItemProxy */ = {
			isa = PBXContainerItemProxy;
			containerPortal = A4F038252D0BD54C0015E41C /* Project object */;
			proxyType = 1;
			remoteGlobalIDString = A4F0382C2D0BD54C0015E41C;
			remoteInfo = EntainTask;
		};
		A4F038482D0BD54D0015E41C /* PBXContainerItemProxy */ = {
			isa = PBXContainerItemProxy;
			containerPortal = A4F038252D0BD54C0015E41C /* Project object */;
			proxyType = 1;
			remoteGlobalIDString = A4F0382C2D0BD54C0015E41C;
			remoteInfo = EntainTask;
		};
/* End PBXContainerItemProxy section */

/* Begin PBXFileReference section */
		A4E9E27E2D0D320400D898E7 /* ColorConstants.swift */ = {isa = PBXFileReference; lastKnownFileType = sourcecode.swift; path = ColorConstants.swift; sourceTree = "<group>"; };
		A4E9E2802D0D322A00D898E7 /* AssetConstants.swift */ = {isa = PBXFileReference; lastKnownFileType = sourcecode.swift; path = AssetConstants.swift; sourceTree = "<group>"; };
		A4E9E2822D0D323900D898E7 /* StringConstants.swift */ = {isa = PBXFileReference; lastKnownFileType = sourcecode.swift; path = StringConstants.swift; sourceTree = "<group>"; };
		A4E9E2842D0D324B00D898E7 /* AccessibilityConstants.swift */ = {isa = PBXFileReference; lastKnownFileType = sourcecode.swift; path = AccessibilityConstants.swift; sourceTree = "<group>"; };
		A4E9E2862D0D325D00D898E7 /* FontConstants.swift */ = {isa = PBXFileReference; lastKnownFileType = sourcecode.swift; path = FontConstants.swift; sourceTree = "<group>"; };
		A4E9E2882D0D326E00D898E7 /* AppUtils.swift */ = {isa = PBXFileReference; lastKnownFileType = sourcecode.swift; path = AppUtils.swift; sourceTree = "<group>"; };
		A4E9E28B2D0D8B5800D898E7 /* View+Extensions.swift */ = {isa = PBXFileReference; lastKnownFileType = sourcecode.swift; path = "View+Extensions.swift"; sourceTree = "<group>"; };
		A4E9E28D2D0DB44400D898E7 /* Localizable.xcstrings */ = {isa = PBXFileReference; lastKnownFileType = text.json.xcstrings; path = Localizable.xcstrings; sourceTree = "<group>"; };
		A4E9E2902D0DC0E900D898E7 /* NetworkManager.swift */ = {isa = PBXFileReference; lastKnownFileType = sourcecode.swift; path = NetworkManager.swift; sourceTree = "<group>"; };
		A4E9E2942D0DDA4000D898E7 /* NextRaceViewModelTests.swift */ = {isa = PBXFileReference; lastKnownFileType = sourcecode.swift; path = NextRaceViewModelTests.swift; sourceTree = "<group>"; };
		A4E9E2962D0DE1BE00D898E7 /* RaceListItemViewModel.swift */ = {isa = PBXFileReference; lastKnownFileType = sourcecode.swift; path = RaceListItemViewModel.swift; sourceTree = "<group>"; };
		A4E9E2982D0DE1C600D898E7 /* RaceListItemView.swift */ = {isa = PBXFileReference; lastKnownFileType = sourcecode.swift; path = RaceListItemView.swift; sourceTree = "<group>"; };
		A4E9E29A2D0E5C7F00D898E7 /* AppUtilsTests.swift */ = {isa = PBXFileReference; lastKnownFileType = sourcecode.swift; path = AppUtilsTests.swift; sourceTree = "<group>"; };
		A4E9E29D2D0EE96A00D898E7 /* MockURLSessionProtocol.swift */ = {isa = PBXFileReference; fileEncoding = 4; lastKnownFileType = sourcecode.swift; path = MockURLSessionProtocol.swift; sourceTree = "<group>"; };
		A4E9E2A02D0EEFAF00D898E7 /* MockNetworkManager.swift */ = {isa = PBXFileReference; lastKnownFileType = sourcecode.swift; path = MockNetworkManager.swift; sourceTree = "<group>"; };
		A4E9E2A22D0F014900D898E7 /* RaceListItemViewModelTests.swift */ = {isa = PBXFileReference; lastKnownFileType = sourcecode.swift; path = RaceListItemViewModelTests.swift; sourceTree = "<group>"; };
		A4E9E2A62D0F0B9E00D898E7 /* RaceMockData.swift */ = {isa = PBXFileReference; lastKnownFileType = sourcecode.swift; path = RaceMockData.swift; sourceTree = "<group>"; };
		A4E9E2AB2D0F11C900D898E7 /* NetworkManagerTests.swift */ = {isa = PBXFileReference; lastKnownFileType = sourcecode.swift; path = NetworkManagerTests.swift; sourceTree = "<group>"; };
		A4E9E2AD2D0F1C5D00D898E7 /* MockRaceModel.swift */ = {isa = PBXFileReference; lastKnownFileType = sourcecode.swift; path = MockRaceModel.swift; sourceTree = "<group>"; };
		A4E9E2AF2D0F220000D898E7 /* RaceUtils.swift */ = {isa = PBXFileReference; lastKnownFileType = sourcecode.swift; path = RaceUtils.swift; sourceTree = "<group>"; };
		A4E9E2B12D0F342C00D898E7 /* TestUtils.swift */ = {isa = PBXFileReference; lastKnownFileType = sourcecode.swift; path = TestUtils.swift; sourceTree = "<group>"; };
		A4E9E2B42D0F96EB00D898E7 /* TimerManager.swift */ = {isa = PBXFileReference; lastKnownFileType = sourcecode.swift; path = TimerManager.swift; sourceTree = "<group>"; };
		A4E9E2B72D0FB16900D898E7 /* TimerManagerTests.swift */ = {isa = PBXFileReference; lastKnownFileType = sourcecode.swift; path = TimerManagerTests.swift; sourceTree = "<group>"; };
		A4E9E2B92D0FDB3900D898E7 /* RaceListViewUITests.swift */ = {isa = PBXFileReference; lastKnownFileType = sourcecode.swift; path = RaceListViewUITests.swift; sourceTree = "<group>"; };
		A4F0382D2D0BD54C0015E41C /* EntainTask.app */ = {isa = PBXFileReference; explicitFileType = wrapper.application; includeInIndex = 0; path = EntainTask.app; sourceTree = BUILT_PRODUCTS_DIR; };
		A4F038302D0BD54C0015E41C /* EntainTaskApp.swift */ = {isa = PBXFileReference; lastKnownFileType = sourcecode.swift; path = EntainTaskApp.swift; sourceTree = "<group>"; };
		A4F038322D0BD54C0015E41C /* NextRaceView.swift */ = {isa = PBXFileReference; lastKnownFileType = sourcecode.swift; path = NextRaceView.swift; sourceTree = "<group>"; };
		A4F038342D0BD54D0015E41C /* Assets.xcassets */ = {isa = PBXFileReference; lastKnownFileType = folder.assetcatalog; path = Assets.xcassets; sourceTree = "<group>"; };
		A4F038372D0BD54D0015E41C /* Preview Assets.xcassets */ = {isa = PBXFileReference; lastKnownFileType = folder.assetcatalog; path = "Preview Assets.xcassets"; sourceTree = "<group>"; };
		A4F0383D2D0BD54D0015E41C /* EntainTaskTests.xctest */ = {isa = PBXFileReference; explicitFileType = wrapper.cfbundle; includeInIndex = 0; path = EntainTaskTests.xctest; sourceTree = BUILT_PRODUCTS_DIR; };
		A4F038472D0BD54D0015E41C /* EntainTaskUITests.xctest */ = {isa = PBXFileReference; explicitFileType = wrapper.cfbundle; includeInIndex = 0; path = EntainTaskUITests.xctest; sourceTree = BUILT_PRODUCTS_DIR; };
		A4F0385A2D0BDB080015E41C /* NextRaceViewModel.swift */ = {isa = PBXFileReference; lastKnownFileType = sourcecode.swift; path = NextRaceViewModel.swift; sourceTree = "<group>"; };
		A4F0385C2D0BDB210015E41C /* APIConstants.swift */ = {isa = PBXFileReference; lastKnownFileType = sourcecode.swift; path = APIConstants.swift; sourceTree = "<group>"; };
		A4F0385F2D0BDB970015E41C /* NextRaceModel.swift */ = {isa = PBXFileReference; lastKnownFileType = sourcecode.swift; path = NextRaceModel.swift; sourceTree = "<group>"; };
		A4F038652D0BEC740015E41C /* mock.json */ = {isa = PBXFileReference; lastKnownFileType = text.json; path = mock.json; sourceTree = "<group>"; };
		A4F038672D0C145E0015E41C /* ChipFilterView.swift */ = {isa = PBXFileReference; lastKnownFileType = sourcecode.swift; path = ChipFilterView.swift; sourceTree = "<group>"; };
/* End PBXFileReference section */

/* Begin PBXFrameworksBuildPhase section */
		A4F0382A2D0BD54C0015E41C /* Frameworks */ = {
			isa = PBXFrameworksBuildPhase;
			buildActionMask = 2147483647;
			files = (
			);
			runOnlyForDeploymentPostprocessing = 0;
		};
		A4F0383A2D0BD54D0015E41C /* Frameworks */ = {
			isa = PBXFrameworksBuildPhase;
			buildActionMask = 2147483647;
			files = (
			);
			runOnlyForDeploymentPostprocessing = 0;
		};
		A4F038442D0BD54D0015E41C /* Frameworks */ = {
			isa = PBXFrameworksBuildPhase;
			buildActionMask = 2147483647;
			files = (
			);
			runOnlyForDeploymentPostprocessing = 0;
		};
/* End PBXFrameworksBuildPhase section */

/* Begin PBXGroup section */
		A4E9E28A2D0D8B4800D898E7 /* Utils */ = {
			isa = PBXGroup;
			children = (
				A4E9E2882D0D326E00D898E7 /* AppUtils.swift */,
				A4E9E2AF2D0F220000D898E7 /* RaceUtils.swift */,
				A4E9E28B2D0D8B5800D898E7 /* View+Extensions.swift */,
			);
			path = Utils;
			sourceTree = "<group>";
		};
		A4E9E28F2D0DC0D600D898E7 /* Network */ = {
			isa = PBXGroup;
			children = (
				A4E9E2902D0DC0E900D898E7 /* NetworkManager.swift */,
			);
			path = Network;
			sourceTree = "<group>";
		};
		A4E9E2A42D0F0B7D00D898E7 /* RaceListItemTests */ = {
			isa = PBXGroup;
			children = (
				A4E9E2A22D0F014900D898E7 /* RaceListItemViewModelTests.swift */,
				A4E9E2A62D0F0B9E00D898E7 /* RaceMockData.swift */,
			);
			path = RaceListItemTests;
			sourceTree = "<group>";
		};
		A4E9E2A82D0F0F7200D898E7 /* NextRaceViewModelTests */ = {
			isa = PBXGroup;
			children = (
				A4E9E2A02D0EEFAF00D898E7 /* MockNetworkManager.swift */,
				A4E9E2942D0DDA4000D898E7 /* NextRaceViewModelTests.swift */,
			);
			path = NextRaceViewModelTests;
			sourceTree = "<group>";
		};
		A4E9E2A92D0F0F8900D898E7 /* AppUtilTests */ = {
			isa = PBXGroup;
			children = (
				A4E9E29A2D0E5C7F00D898E7 /* AppUtilsTests.swift */,
			);
			path = AppUtilTests;
			sourceTree = "<group>";
		};
		A4E9E2AA2D0F0FA500D898E7 /* NetworkLayerTests */ = {
			isa = PBXGroup;
			children = (
				A4E9E29D2D0EE96A00D898E7 /* MockURLSessionProtocol.swift */,
				A4E9E2AD2D0F1C5D00D898E7 /* MockRaceModel.swift */,
				A4E9E2AB2D0F11C900D898E7 /* NetworkManagerTests.swift */,
			);
			path = NetworkLayerTests;
			sourceTree = "<group>";
		};
		A4E9E2B32D0F343000D898E7 /* Utils */ = {
			isa = PBXGroup;
			children = (
				A4E9E2B12D0F342C00D898E7 /* TestUtils.swift */,
			);
			path = Utils;
			sourceTree = "<group>";
		};
		A4E9E2B62D0FB15E00D898E7 /* TimerManagerTests */ = {
			isa = PBXGroup;
			children = (
				A4E9E2B72D0FB16900D898E7 /* TimerManagerTests.swift */,
			);
			path = TimerManagerTests;
			sourceTree = "<group>";
		};
		A4F038242D0BD54C0015E41C = {
			isa = PBXGroup;
			children = (
				A4F0382F2D0BD54C0015E41C /* EntainTask */,
				A4F038402D0BD54D0015E41C /* EntainTaskTests */,
				A4F0384A2D0BD54D0015E41C /* EntainTaskUITests */,
				A4F0382E2D0BD54C0015E41C /* Products */,
			);
			sourceTree = "<group>";
		};
		A4F0382E2D0BD54C0015E41C /* Products */ = {
			isa = PBXGroup;
			children = (
				A4F0382D2D0BD54C0015E41C /* EntainTask.app */,
				A4F0383D2D0BD54D0015E41C /* EntainTaskTests.xctest */,
				A4F038472D0BD54D0015E41C /* EntainTaskUITests.xctest */,
			);
			name = Products;
			sourceTree = "<group>";
		};
		A4F0382F2D0BD54C0015E41C /* EntainTask */ = {
			isa = PBXGroup;
			children = (
				A4E9E28F2D0DC0D600D898E7 /* Network */,
				A4F038622D0BDBEA0015E41C /* View */,
				A4F038612D0BDBE10015E41C /* ViewModel */,
				A4F0385E2D0BDB8B0015E41C /* Model */,
				A4E9E28A2D0D8B4800D898E7 /* Utils */,
				A4F038742D0C787A0015E41C /* Constants */,
				A4F038752D0C788C0015E41C /* Assets */,
				A4F038302D0BD54C0015E41C /* EntainTaskApp.swift */,
				A4F038362D0BD54D0015E41C /* Preview Content */,
			);
			path = EntainTask;
			sourceTree = "<group>";
		};
		A4F038362D0BD54D0015E41C /* Preview Content */ = {
			isa = PBXGroup;
			children = (
				A4F038372D0BD54D0015E41C /* Preview Assets.xcassets */,
			);
			path = "Preview Content";
			sourceTree = "<group>";
		};
		A4F038402D0BD54D0015E41C /* EntainTaskTests */ = {
			isa = PBXGroup;
			children = (
				A4E9E2B62D0FB15E00D898E7 /* TimerManagerTests */,
				A4E9E2B32D0F343000D898E7 /* Utils */,
				A4E9E2AA2D0F0FA500D898E7 /* NetworkLayerTests */,
				A4E9E2A92D0F0F8900D898E7 /* AppUtilTests */,
				A4E9E2A82D0F0F7200D898E7 /* NextRaceViewModelTests */,
				A4E9E2A42D0F0B7D00D898E7 /* RaceListItemTests */,
			);
			path = EntainTaskTests;
			sourceTree = "<group>";
		};
		A4F0384A2D0BD54D0015E41C /* EntainTaskUITests */ = {
			isa = PBXGroup;
			children = (
				A4E9E2B92D0FDB3900D898E7 /* RaceListViewUITests.swift */,
			);
			path = EntainTaskUITests;
			sourceTree = "<group>";
		};
		A4F0385E2D0BDB8B0015E41C /* Model */ = {
			isa = PBXGroup;
			children = (
				A4F0385F2D0BDB970015E41C /* NextRaceModel.swift */,
			);
			path = Model;
			sourceTree = "<group>";
		};
		A4F038612D0BDBE10015E41C /* ViewModel */ = {
			isa = PBXGroup;
			children = (
				A4F0385A2D0BDB080015E41C /* NextRaceViewModel.swift */,
				A4E9E2962D0DE1BE00D898E7 /* RaceListItemViewModel.swift */,
				A4E9E2B42D0F96EB00D898E7 /* TimerManager.swift */,
			);
			path = ViewModel;
			sourceTree = "<group>";
		};
		A4F038622D0BDBEA0015E41C /* View */ = {
			isa = PBXGroup;
			children = (
				A4F038322D0BD54C0015E41C /* NextRaceView.swift */,
				A4F038762D0C7E870015E41C /* SubViews */,
			);
			path = View;
			sourceTree = "<group>";
		};
		A4F038742D0C787A0015E41C /* Constants */ = {
			isa = PBXGroup;
			children = (
				A4F0385C2D0BDB210015E41C /* APIConstants.swift */,
				A4E9E2862D0D325D00D898E7 /* FontConstants.swift */,
				A4E9E2822D0D323900D898E7 /* StringConstants.swift */,
				A4E9E2802D0D322A00D898E7 /* AssetConstants.swift */,
				A4E9E2842D0D324B00D898E7 /* AccessibilityConstants.swift */,
				A4E9E27E2D0D320400D898E7 /* ColorConstants.swift */,
			);
			path = Constants;
			sourceTree = "<group>";
		};
		A4F038752D0C788C0015E41C /* Assets */ = {
			isa = PBXGroup;
			children = (
				A4E9E28D2D0DB44400D898E7 /* Localizable.xcstrings */,
				A4F038342D0BD54D0015E41C /* Assets.xcassets */,
				A4F038652D0BEC740015E41C /* mock.json */,
			);
			path = Assets;
			sourceTree = "<group>";
		};
		A4F038762D0C7E870015E41C /* SubViews */ = {
			isa = PBXGroup;
			children = (
				A4F038672D0C145E0015E41C /* ChipFilterView.swift */,
				A4E9E2982D0DE1C600D898E7 /* RaceListItemView.swift */,
			);
			path = SubViews;
			sourceTree = "<group>";
		};
/* End PBXGroup section */

/* Begin PBXNativeTarget section */
		A4F0382C2D0BD54C0015E41C /* EntainTask */ = {
			isa = PBXNativeTarget;
			buildConfigurationList = A4F038512D0BD54D0015E41C /* Build configuration list for PBXNativeTarget "EntainTask" */;
			buildPhases = (
				A4F038292D0BD54C0015E41C /* Sources */,
				A4F0382A2D0BD54C0015E41C /* Frameworks */,
				A4F0382B2D0BD54C0015E41C /* Resources */,
			);
			buildRules = (
			);
			dependencies = (
			);
			name = EntainTask;
			productName = EntainTask;
			productReference = A4F0382D2D0BD54C0015E41C /* EntainTask.app */;
			productType = "com.apple.product-type.application";
		};
		A4F0383C2D0BD54D0015E41C /* EntainTaskTests */ = {
			isa = PBXNativeTarget;
			buildConfigurationList = A4F038542D0BD54D0015E41C /* Build configuration list for PBXNativeTarget "EntainTaskTests" */;
			buildPhases = (
				A4F038392D0BD54D0015E41C /* Sources */,
				A4F0383A2D0BD54D0015E41C /* Frameworks */,
				A4F0383B2D0BD54D0015E41C /* Resources */,
			);
			buildRules = (
			);
			dependencies = (
				A4F0383F2D0BD54D0015E41C /* PBXTargetDependency */,
			);
			name = EntainTaskTests;
			productName = EntainTaskTests;
			productReference = A4F0383D2D0BD54D0015E41C /* EntainTaskTests.xctest */;
			productType = "com.apple.product-type.bundle.unit-test";
		};
		A4F038462D0BD54D0015E41C /* EntainTaskUITests */ = {
			isa = PBXNativeTarget;
			buildConfigurationList = A4F038572D0BD54D0015E41C /* Build configuration list for PBXNativeTarget "EntainTaskUITests" */;
			buildPhases = (
				A4F038432D0BD54D0015E41C /* Sources */,
				A4F038442D0BD54D0015E41C /* Frameworks */,
				A4F038452D0BD54D0015E41C /* Resources */,
			);
			buildRules = (
			);
			dependencies = (
				A4F038492D0BD54D0015E41C /* PBXTargetDependency */,
			);
			name = EntainTaskUITests;
			productName = EntainTaskUITests;
			productReference = A4F038472D0BD54D0015E41C /* EntainTaskUITests.xctest */;
			productType = "com.apple.product-type.bundle.ui-testing";
		};
/* End PBXNativeTarget section */

/* Begin PBXProject section */
		A4F038252D0BD54C0015E41C /* Project object */ = {
			isa = PBXProject;
			attributes = {
				BuildIndependentTargetsInParallel = 1;
				LastSwiftUpdateCheck = 1540;
				LastUpgradeCheck = 1540;
				TargetAttributes = {
					A4F0382C2D0BD54C0015E41C = {
						CreatedOnToolsVersion = 15.4;
					};
					A4F0383C2D0BD54D0015E41C = {
						CreatedOnToolsVersion = 15.4;
						TestTargetID = A4F0382C2D0BD54C0015E41C;
					};
					A4F038462D0BD54D0015E41C = {
						CreatedOnToolsVersion = 15.4;
						TestTargetID = A4F0382C2D0BD54C0015E41C;
					};
				};
			};
			buildConfigurationList = A4F038282D0BD54C0015E41C /* Build configuration list for PBXProject "EntainTask" */;
			compatibilityVersion = "Xcode 14.0";
			developmentRegion = en;
			hasScannedForEncodings = 0;
			knownRegions = (
				en,
				Base,
			);
			mainGroup = A4F038242D0BD54C0015E41C;
			packageReferences = (
				A4F0386C2D0C470C0015E41C /* XCRemoteSwiftPackageReference "SwiftLintPlugins" */,
			);
			productRefGroup = A4F0382E2D0BD54C0015E41C /* Products */;
			projectDirPath = "";
			projectRoot = "";
			targets = (
				A4F0382C2D0BD54C0015E41C /* EntainTask */,
				A4F0383C2D0BD54D0015E41C /* EntainTaskTests */,
				A4F038462D0BD54D0015E41C /* EntainTaskUITests */,
			);
		};
/* End PBXProject section */

/* Begin PBXResourcesBuildPhase section */
		A4F0382B2D0BD54C0015E41C /* Resources */ = {
			isa = PBXResourcesBuildPhase;
			buildActionMask = 2147483647;
			files = (
				A4F038382D0BD54D0015E41C /* Preview Assets.xcassets in Resources */,
				A4F038352D0BD54D0015E41C /* Assets.xcassets in Resources */,
				A4E9E28E2D0DB44400D898E7 /* Localizable.xcstrings in Resources */,
				A4F038662D0BEC740015E41C /* mock.json in Resources */,
			);
			runOnlyForDeploymentPostprocessing = 0;
		};
		A4F0383B2D0BD54D0015E41C /* Resources */ = {
			isa = PBXResourcesBuildPhase;
			buildActionMask = 2147483647;
			files = (
			);
			runOnlyForDeploymentPostprocessing = 0;
		};
		A4F038452D0BD54D0015E41C /* Resources */ = {
			isa = PBXResourcesBuildPhase;
			buildActionMask = 2147483647;
			files = (
			);
			runOnlyForDeploymentPostprocessing = 0;
		};
/* End PBXResourcesBuildPhase section */

/* Begin PBXSourcesBuildPhase section */
		A4F038292D0BD54C0015E41C /* Sources */ = {
			isa = PBXSourcesBuildPhase;
			buildActionMask = 2147483647;
			files = (
				A4E9E2912D0DC0E900D898E7 /* NetworkManager.swift in Sources */,
				A4E9E2832D0D323900D898E7 /* StringConstants.swift in Sources */,
				A4E9E2852D0D324B00D898E7 /* AccessibilityConstants.swift in Sources */,
				A4F038682D0C145E0015E41C /* ChipFilterView.swift in Sources */,
				A4F038602D0BDB970015E41C /* NextRaceModel.swift in Sources */,
				A4F0385B2D0BDB080015E41C /* NextRaceViewModel.swift in Sources */,
				A4E9E2872D0D325D00D898E7 /* FontConstants.swift in Sources */,
				A4E9E28C2D0D8B5800D898E7 /* View+Extensions.swift in Sources */,
				A4E9E2812D0D322A00D898E7 /* AssetConstants.swift in Sources */,
				A4E9E27F2D0D320400D898E7 /* ColorConstants.swift in Sources */,
				A4E9E2892D0D326E00D898E7 /* AppUtils.swift in Sources */,
				A4F038332D0BD54C0015E41C /* NextRaceView.swift in Sources */,
				A4E9E2B02D0F220000D898E7 /* RaceUtils.swift in Sources */,
				A4F038312D0BD54C0015E41C /* EntainTaskApp.swift in Sources */,
				A4F0385D2D0BDB210015E41C /* APIConstants.swift in Sources */,
				A4E9E2B52D0F96EB00D898E7 /* TimerManager.swift in Sources */,
				A4E9E2992D0DE1C600D898E7 /* RaceListItemView.swift in Sources */,
				A4E9E2972D0DE1BE00D898E7 /* RaceListItemViewModel.swift in Sources */,
			);
			runOnlyForDeploymentPostprocessing = 0;
		};
		A4F038392D0BD54D0015E41C /* Sources */ = {
			isa = PBXSourcesBuildPhase;
			buildActionMask = 2147483647;
			files = (
				A4E9E2AC2D0F11C900D898E7 /* NetworkManagerTests.swift in Sources */,
				A4E9E2A12D0EEFAF00D898E7 /* MockNetworkManager.swift in Sources */,
				A4E9E2AE2D0F1C5D00D898E7 /* MockRaceModel.swift in Sources */,
				A4E9E2B82D0FB16900D898E7 /* TimerManagerTests.swift in Sources */,
				A4E9E2A72D0F0B9E00D898E7 /* RaceMockData.swift in Sources */,
				A4E9E2B22D0F342C00D898E7 /* TestUtils.swift in Sources */,
				A4E9E2A32D0F014900D898E7 /* RaceListItemViewModelTests.swift in Sources */,
				A4E9E2952D0DDA4000D898E7 /* NextRaceViewModelTests.swift in Sources */,
				A4E9E29F2D0EE96A00D898E7 /* MockURLSessionProtocol.swift in Sources */,
				A4E9E29B2D0E5C7F00D898E7 /* AppUtilsTests.swift in Sources */,
			);
			runOnlyForDeploymentPostprocessing = 0;
		};
		A4F038432D0BD54D0015E41C /* Sources */ = {
			isa = PBXSourcesBuildPhase;
			buildActionMask = 2147483647;
			files = (
				A4E9E2BA2D0FDB3900D898E7 /* RaceListViewUITests.swift in Sources */,
			);
			runOnlyForDeploymentPostprocessing = 0;
		};
/* End PBXSourcesBuildPhase section */

/* Begin PBXTargetDependency section */
		A4F0383F2D0BD54D0015E41C /* PBXTargetDependency */ = {
			isa = PBXTargetDependency;
			target = A4F0382C2D0BD54C0015E41C /* EntainTask */;
			targetProxy = A4F0383E2D0BD54D0015E41C /* PBXContainerItemProxy */;
		};
		A4F038492D0BD54D0015E41C /* PBXTargetDependency */ = {
			isa = PBXTargetDependency;
			target = A4F0382C2D0BD54C0015E41C /* EntainTask */;
			targetProxy = A4F038482D0BD54D0015E41C /* PBXContainerItemProxy */;
		};
/* End PBXTargetDependency section */

/* Begin XCBuildConfiguration section */
		A4F0384F2D0BD54D0015E41C /* Debug */ = {
			isa = XCBuildConfiguration;
			buildSettings = {
				ALWAYS_SEARCH_USER_PATHS = NO;
				ASSETCATALOG_COMPILER_GENERATE_SWIFT_ASSET_SYMBOL_EXTENSIONS = YES;
				CLANG_ANALYZER_NONNULL = YES;
				CLANG_ANALYZER_NUMBER_OBJECT_CONVERSION = YES_AGGRESSIVE;
				CLANG_CXX_LANGUAGE_STANDARD = "gnu++20";
				CLANG_ENABLE_MODULES = YES;
				CLANG_ENABLE_OBJC_ARC = YES;
				CLANG_ENABLE_OBJC_WEAK = YES;
				CLANG_WARN_BLOCK_CAPTURE_AUTORELEASING = YES;
				CLANG_WARN_BOOL_CONVERSION = YES;
				CLANG_WARN_COMMA = YES;
				CLANG_WARN_CONSTANT_CONVERSION = YES;
				CLANG_WARN_DEPRECATED_OBJC_IMPLEMENTATIONS = YES;
				CLANG_WARN_DIRECT_OBJC_ISA_USAGE = YES_ERROR;
				CLANG_WARN_DOCUMENTATION_COMMENTS = YES;
				CLANG_WARN_EMPTY_BODY = YES;
				CLANG_WARN_ENUM_CONVERSION = YES;
				CLANG_WARN_INFINITE_RECURSION = YES;
				CLANG_WARN_INT_CONVERSION = YES;
				CLANG_WARN_NON_LITERAL_NULL_CONVERSION = YES;
				CLANG_WARN_OBJC_IMPLICIT_RETAIN_SELF = YES;
				CLANG_WARN_OBJC_LITERAL_CONVERSION = YES;
				CLANG_WARN_OBJC_ROOT_CLASS = YES_ERROR;
				CLANG_WARN_QUOTED_INCLUDE_IN_FRAMEWORK_HEADER = YES;
				CLANG_WARN_RANGE_LOOP_ANALYSIS = YES;
				CLANG_WARN_STRICT_PROTOTYPES = YES;
				CLANG_WARN_SUSPICIOUS_MOVE = YES;
				CLANG_WARN_UNGUARDED_AVAILABILITY = YES_AGGRESSIVE;
				CLANG_WARN_UNREACHABLE_CODE = YES;
				CLANG_WARN__DUPLICATE_METHOD_MATCH = YES;
				COPY_PHASE_STRIP = NO;
				DEBUG_INFORMATION_FORMAT = dwarf;
				ENABLE_STRICT_OBJC_MSGSEND = YES;
				ENABLE_TESTABILITY = YES;
				ENABLE_USER_SCRIPT_SANDBOXING = YES;
				GCC_C_LANGUAGE_STANDARD = gnu17;
				GCC_DYNAMIC_NO_PIC = NO;
				GCC_NO_COMMON_BLOCKS = YES;
				GCC_OPTIMIZATION_LEVEL = 0;
				GCC_PREPROCESSOR_DEFINITIONS = (
					"DEBUG=1",
					"$(inherited)",
				);
				GCC_WARN_64_TO_32_BIT_CONVERSION = YES;
				GCC_WARN_ABOUT_RETURN_TYPE = YES_ERROR;
				GCC_WARN_UNDECLARED_SELECTOR = YES;
				GCC_WARN_UNINITIALIZED_AUTOS = YES_AGGRESSIVE;
				GCC_WARN_UNUSED_FUNCTION = YES;
				GCC_WARN_UNUSED_VARIABLE = YES;
				IPHONEOS_DEPLOYMENT_TARGET = 17.5;
				LOCALIZATION_PREFERS_STRING_CATALOGS = YES;
				MTL_ENABLE_DEBUG_INFO = INCLUDE_SOURCE;
				MTL_FAST_MATH = YES;
				ONLY_ACTIVE_ARCH = YES;
				SDKROOT = iphoneos;
				SWIFT_ACTIVE_COMPILATION_CONDITIONS = "DEBUG $(inherited)";
				SWIFT_OPTIMIZATION_LEVEL = "-Onone";
			};
			name = Debug;
		};
		A4F038502D0BD54D0015E41C /* Release */ = {
			isa = XCBuildConfiguration;
			buildSettings = {
				ALWAYS_SEARCH_USER_PATHS = NO;
				ASSETCATALOG_COMPILER_GENERATE_SWIFT_ASSET_SYMBOL_EXTENSIONS = YES;
				CLANG_ANALYZER_NONNULL = YES;
				CLANG_ANALYZER_NUMBER_OBJECT_CONVERSION = YES_AGGRESSIVE;
				CLANG_CXX_LANGUAGE_STANDARD = "gnu++20";
				CLANG_ENABLE_MODULES = YES;
				CLANG_ENABLE_OBJC_ARC = YES;
				CLANG_ENABLE_OBJC_WEAK = YES;
				CLANG_WARN_BLOCK_CAPTURE_AUTORELEASING = YES;
				CLANG_WARN_BOOL_CONVERSION = YES;
				CLANG_WARN_COMMA = YES;
				CLANG_WARN_CONSTANT_CONVERSION = YES;
				CLANG_WARN_DEPRECATED_OBJC_IMPLEMENTATIONS = YES;
				CLANG_WARN_DIRECT_OBJC_ISA_USAGE = YES_ERROR;
				CLANG_WARN_DOCUMENTATION_COMMENTS = YES;
				CLANG_WARN_EMPTY_BODY = YES;
				CLANG_WARN_ENUM_CONVERSION = YES;
				CLANG_WARN_INFINITE_RECURSION = YES;
				CLANG_WARN_INT_CONVERSION = YES;
				CLANG_WARN_NON_LITERAL_NULL_CONVERSION = YES;
				CLANG_WARN_OBJC_IMPLICIT_RETAIN_SELF = YES;
				CLANG_WARN_OBJC_LITERAL_CONVERSION = YES;
				CLANG_WARN_OBJC_ROOT_CLASS = YES_ERROR;
				CLANG_WARN_QUOTED_INCLUDE_IN_FRAMEWORK_HEADER = YES;
				CLANG_WARN_RANGE_LOOP_ANALYSIS = YES;
				CLANG_WARN_STRICT_PROTOTYPES = YES;
				CLANG_WARN_SUSPICIOUS_MOVE = YES;
				CLANG_WARN_UNGUARDED_AVAILABILITY = YES_AGGRESSIVE;
				CLANG_WARN_UNREACHABLE_CODE = YES;
				CLANG_WARN__DUPLICATE_METHOD_MATCH = YES;
				COPY_PHASE_STRIP = NO;
				DEBUG_INFORMATION_FORMAT = "dwarf-with-dsym";
				ENABLE_NS_ASSERTIONS = NO;
				ENABLE_STRICT_OBJC_MSGSEND = YES;
				ENABLE_USER_SCRIPT_SANDBOXING = YES;
				GCC_C_LANGUAGE_STANDARD = gnu17;
				GCC_NO_COMMON_BLOCKS = YES;
				GCC_WARN_64_TO_32_BIT_CONVERSION = YES;
				GCC_WARN_ABOUT_RETURN_TYPE = YES_ERROR;
				GCC_WARN_UNDECLARED_SELECTOR = YES;
				GCC_WARN_UNINITIALIZED_AUTOS = YES_AGGRESSIVE;
				GCC_WARN_UNUSED_FUNCTION = YES;
				GCC_WARN_UNUSED_VARIABLE = YES;
				IPHONEOS_DEPLOYMENT_TARGET = 17.5;
				LOCALIZATION_PREFERS_STRING_CATALOGS = YES;
				MTL_ENABLE_DEBUG_INFO = NO;
				MTL_FAST_MATH = YES;
				SDKROOT = iphoneos;
				SWIFT_COMPILATION_MODE = wholemodule;
				VALIDATE_PRODUCT = YES;
			};
			name = Release;
		};
		A4F038522D0BD54D0015E41C /* Debug */ = {
			isa = XCBuildConfiguration;
			buildSettings = {
				ASSETCATALOG_COMPILER_APPICON_NAME = AppIcon;
				ASSETCATALOG_COMPILER_GLOBAL_ACCENT_COLOR_NAME = AccentColor;
				CODE_SIGN_IDENTITY = "Apple Development";
				CODE_SIGN_STYLE = Automatic;
				CURRENT_PROJECT_VERSION = 1;
				DEVELOPMENT_ASSET_PATHS = "\"EntainTask/Preview Content\"";
				DEVELOPMENT_TEAM = HSGS74RW8K;
				ENABLE_PREVIEWS = YES;
				GENERATE_INFOPLIST_FILE = YES;
				INFOPLIST_KEY_UIApplicationSceneManifest_Generation = YES;
				INFOPLIST_KEY_UIApplicationSupportsIndirectInputEvents = YES;
				INFOPLIST_KEY_UILaunchScreen_Generation = YES;
				INFOPLIST_KEY_UISupportedInterfaceOrientations_iPad = "UIInterfaceOrientationPortrait UIInterfaceOrientationPortraitUpsideDown UIInterfaceOrientationLandscapeLeft UIInterfaceOrientationLandscapeRight";
				INFOPLIST_KEY_UISupportedInterfaceOrientations_iPhone = "UIInterfaceOrientationPortrait UIInterfaceOrientationLandscapeLeft UIInterfaceOrientationLandscapeRight";
				IPHONEOS_DEPLOYMENT_TARGET = 16.0;
				LD_RUNPATH_SEARCH_PATHS = (
					"$(inherited)",
					"@executable_path/Frameworks",
				);
				MARKETING_VERSION = 1.0;
				PRODUCT_BUNDLE_IDENTIFIER = com.pd.entain.EntainTask;
				PRODUCT_NAME = "$(TARGET_NAME)";
				PROVISIONING_PROFILE_SPECIFIER = "";
				SWIFT_EMIT_LOC_STRINGS = YES;
				SWIFT_VERSION = 5.0;
				TARGETED_DEVICE_FAMILY = "1,2";
			};
			name = Debug;
		};
		A4F038532D0BD54D0015E41C /* Release */ = {
			isa = XCBuildConfiguration;
			buildSettings = {
				ASSETCATALOG_COMPILER_APPICON_NAME = AppIcon;
				ASSETCATALOG_COMPILER_GLOBAL_ACCENT_COLOR_NAME = AccentColor;
				CODE_SIGN_IDENTITY = "Apple Development";
				CODE_SIGN_STYLE = Automatic;
				CURRENT_PROJECT_VERSION = 1;
				DEVELOPMENT_ASSET_PATHS = "\"EntainTask/Preview Content\"";
				DEVELOPMENT_TEAM = HSGS74RW8K;
				ENABLE_PREVIEWS = YES;
				GENERATE_INFOPLIST_FILE = YES;
				INFOPLIST_KEY_UIApplicationSceneManifest_Generation = YES;
				INFOPLIST_KEY_UIApplicationSupportsIndirectInputEvents = YES;
				INFOPLIST_KEY_UILaunchScreen_Generation = YES;
				INFOPLIST_KEY_UISupportedInterfaceOrientations_iPad = "UIInterfaceOrientationPortrait UIInterfaceOrientationPortraitUpsideDown UIInterfaceOrientationLandscapeLeft UIInterfaceOrientationLandscapeRight";
				INFOPLIST_KEY_UISupportedInterfaceOrientations_iPhone = "UIInterfaceOrientationPortrait UIInterfaceOrientationLandscapeLeft UIInterfaceOrientationLandscapeRight";
				IPHONEOS_DEPLOYMENT_TARGET = 16.0;
				LD_RUNPATH_SEARCH_PATHS = (
					"$(inherited)",
					"@executable_path/Frameworks",
				);
				MARKETING_VERSION = 1.0;
				PRODUCT_BUNDLE_IDENTIFIER = com.pd.entain.EntainTask;
				PRODUCT_NAME = "$(TARGET_NAME)";
				PROVISIONING_PROFILE_SPECIFIER = "";
				SWIFT_EMIT_LOC_STRINGS = YES;
				SWIFT_VERSION = 5.0;
				TARGETED_DEVICE_FAMILY = "1,2";
			};
			name = Release;
		};
		A4F038552D0BD54D0015E41C /* Debug */ = {
			isa = XCBuildConfiguration;
			buildSettings = {
				ALWAYS_EMBED_SWIFT_STANDARD_LIBRARIES = YES;
				BUNDLE_LOADER = "$(TEST_HOST)";
				CODE_SIGN_IDENTITY = "Apple Development";
				CODE_SIGN_STYLE = Automatic;
				CURRENT_PROJECT_VERSION = 1;
				DEVELOPMENT_TEAM = HSGS74RW8K;
				GENERATE_INFOPLIST_FILE = YES;
				IPHONEOS_DEPLOYMENT_TARGET = 17.5;
				MARKETING_VERSION = 1.0;
				PRODUCT_BUNDLE_IDENTIFIER = com.pd.entain.EntainTaskTests;
				PRODUCT_NAME = "$(TARGET_NAME)";
				PROVISIONING_PROFILE_SPECIFIER = "";
				SWIFT_EMIT_LOC_STRINGS = NO;
				SWIFT_VERSION = 5.0;
				TARGETED_DEVICE_FAMILY = "1,2";
				TEST_HOST = "$(BUILT_PRODUCTS_DIR)/EntainTask.app/$(BUNDLE_EXECUTABLE_FOLDER_PATH)/EntainTask";
			};
			name = Debug;
		};
		A4F038562D0BD54D0015E41C /* Release */ = {
			isa = XCBuildConfiguration;
			buildSettings = {
				ALWAYS_EMBED_SWIFT_STANDARD_LIBRARIES = YES;
				BUNDLE_LOADER = "$(TEST_HOST)";
				CODE_SIGN_IDENTITY = "Apple Development";
				CODE_SIGN_STYLE = Automatic;
				CURRENT_PROJECT_VERSION = 1;
				DEVELOPMENT_TEAM = HSGS74RW8K;
				GENERATE_INFOPLIST_FILE = YES;
				IPHONEOS_DEPLOYMENT_TARGET = 17.5;
				MARKETING_VERSION = 1.0;
				PRODUCT_BUNDLE_IDENTIFIER = com.pd.entain.EntainTaskTests;
				PRODUCT_NAME = "$(TARGET_NAME)";
				PROVISIONING_PROFILE_SPECIFIER = "";
				SWIFT_EMIT_LOC_STRINGS = NO;
				SWIFT_VERSION = 5.0;
				TARGETED_DEVICE_FAMILY = "1,2";
				TEST_HOST = "$(BUILT_PRODUCTS_DIR)/EntainTask.app/$(BUNDLE_EXECUTABLE_FOLDER_PATH)/EntainTask";
			};
			name = Release;
		};
		A4F038582D0BD54D0015E41C /* Debug */ = {
			isa = XCBuildConfiguration;
			buildSettings = {
				ALWAYS_EMBED_SWIFT_STANDARD_LIBRARIES = YES;
				CODE_SIGN_STYLE = Automatic;
				CURRENT_PROJECT_VERSION = 1;
				DEVELOPMENT_TEAM = HSGS74RW8K;
				GENERATE_INFOPLIST_FILE = YES;
				MARKETING_VERSION = 1.0;
				PRODUCT_BUNDLE_IDENTIFIER = com.pd.entain.EntainTaskUITests;
				PRODUCT_NAME = "$(TARGET_NAME)";
				SWIFT_EMIT_LOC_STRINGS = NO;
				SWIFT_VERSION = 5.0;
				TARGETED_DEVICE_FAMILY = "1,2";
				TEST_TARGET_NAME = EntainTask;
			};
			name = Debug;
		};
		A4F038592D0BD54D0015E41C /* Release */ = {
			isa = XCBuildConfiguration;
			buildSettings = {
				ALWAYS_EMBED_SWIFT_STANDARD_LIBRARIES = YES;
				CODE_SIGN_STYLE = Automatic;
				CURRENT_PROJECT_VERSION = 1;
				DEVELOPMENT_TEAM = HSGS74RW8K;
				GENERATE_INFOPLIST_FILE = YES;
				MARKETING_VERSION = 1.0;
				PRODUCT_BUNDLE_IDENTIFIER = com.pd.entain.EntainTaskUITests;
				PRODUCT_NAME = "$(TARGET_NAME)";
				SWIFT_EMIT_LOC_STRINGS = NO;
				SWIFT_VERSION = 5.0;
				TARGETED_DEVICE_FAMILY = "1,2";
				TEST_TARGET_NAME = EntainTask;
			};
			name = Release;
		};
/* End XCBuildConfiguration section */

/* Begin XCConfigurationList section */
		A4F038282D0BD54C0015E41C /* Build configuration list for PBXProject "EntainTask" */ = {
			isa = XCConfigurationList;
			buildConfigurations = (
				A4F0384F2D0BD54D0015E41C /* Debug */,
				A4F038502D0BD54D0015E41C /* Release */,
			);
			defaultConfigurationIsVisible = 0;
			defaultConfigurationName = Release;
		};
		A4F038512D0BD54D0015E41C /* Build configuration list for PBXNativeTarget "EntainTask" */ = {
			isa = XCConfigurationList;
			buildConfigurations = (
				A4F038522D0BD54D0015E41C /* Debug */,
				A4F038532D0BD54D0015E41C /* Release */,
			);
			defaultConfigurationIsVisible = 0;
			defaultConfigurationName = Release;
		};
		A4F038542D0BD54D0015E41C /* Build configuration list for PBXNativeTarget "EntainTaskTests" */ = {
			isa = XCConfigurationList;
			buildConfigurations = (
				A4F038552D0BD54D0015E41C /* Debug */,
				A4F038562D0BD54D0015E41C /* Release */,
			);
			defaultConfigurationIsVisible = 0;
			defaultConfigurationName = Release;
		};
		A4F038572D0BD54D0015E41C /* Build configuration list for PBXNativeTarget "EntainTaskUITests" */ = {
			isa = XCConfigurationList;
			buildConfigurations = (
				A4F038582D0BD54D0015E41C /* Debug */,
				A4F038592D0BD54D0015E41C /* Release */,
			);
			defaultConfigurationIsVisible = 0;
			defaultConfigurationName = Release;
		};
/* End XCConfigurationList section */

/* Begin XCRemoteSwiftPackageReference section */
		A4F0386C2D0C470C0015E41C /* XCRemoteSwiftPackageReference "SwiftLintPlugins" */ = {
			isa = XCRemoteSwiftPackageReference;
			repositoryURL = "https://github.com/SimplyDanny/SwiftLintPlugins";
			requirement = {
				kind = upToNextMajorVersion;
				minimumVersion = 0.57.1;
			};
		};
/* End XCRemoteSwiftPackageReference section */
	};
	rootObject = A4F038252D0BD54C0015E41C /* Project object */;
}
